# THIS IS AN AUTOGENERATED FILE. DO NOT EDIT THIS FILE DIRECTLY.
# yarn lockfile v1


compare-versions@^5.0.1:
  version "5.0.1"
  resolved "https://registry.yarnpkg.com/compare-versions/-/compare-versions-5.0.1.tgz#14c6008436d994c3787aba38d4087fabe858555e"
  integrity sha512-v8Au3l0b+Nwkp4G142JcgJFh1/TUhdxut7wzD1Nq1dyp5oa3tXaqb03EXOAB6jS4gMlalkjAUPZBMiAfKUixHQ==
