# THIS IS AN AUTOGENERATED FILE. DO NOT EDIT THIS FILE DIRECTLY.
# yarn lockfile v1


compare-versions@^6.1.0:
  version "6.1.0"
  resolved "https://registry.yarnpkg.com/compare-versions/-/compare-versions-6.1.0.tgz#3f2131e3ae93577df111dba133e6db876ffe127a"
  integrity sha512-LNZQXhqUvqUTotpZ00qLSaify3b4VFD588aRr8MKFw4CMUr98ytzCW5wDH5qx/DEY5kCDXcbcRuCqL0szEf2tg==
